{
  "originHash" : "999d9911ef65ff7ef7f86ee86d0f8880936ef27eab111f1fb908cefebc98b97c",
  "pins" : [
    {
      "identity" : "kingfisher",
      "kind" : "remoteSourceControl",
      "location" : "https://github.com/onevcat/Kingfisher.git",
      "state" : {
        "revision" : "d30a5fad881137e2267f96a8e3fc35c58999bb94",
        "version" : "8.6.2"
      }
    },
    {
      "identity" : "tmdb",
      "kind" : "remoteSourceControl",
      "location" : "https://github.com/adamayoung/TMDb.git",
      "state" : {
        "revision" : "5bafbc6fd1b192ded4865cc059891f36c3f9ba3e",
        "version" : "15.0.1"
      }
    },
    {
      "identity" : "youtubeplayerkit",
      "kind" : "remoteSourceControl",
      "location" : "https://github.com/SvenTiigi/YouTubePlayerKit",
      "state" : {
        "revision" : "1ae827573024ab13dd6adea33b25d3eef6ff667c",
        "version" : "2.0.5"
      }
    }
  ],
  "version" : 3
}
